# This file may be used to create an environment using:
# $ conda create --name <env> --file <this file>
# platform: linux-64
@EXPLICIT
https://conda.anaconda.org/conda-forge/linux-64/_libgcc_mutex-0.1-conda_forge.tar.bz2
https://conda.anaconda.org/conda-forge/linux-64/ca-certificates-2020.6.20-hecda079_0.tar.bz2
https://conda.anaconda.org/conda-forge/linux-64/dcw-gmt-2.0.0-ha770c72_0.tar.bz2
https://conda.anaconda.org/conda-forge/noarch/font-ttf-dejavu-sans-mono-2.37-hab24e00_0.tar.bz2
https://conda.anaconda.org/conda-forge/noarch/font-ttf-inconsolata-3.000-h77eed37_0.tar.bz2
https://conda.anaconda.org/conda-forge/noarch/font-ttf-source-code-pro-2.038-h77eed37_0.tar.bz2
https://conda.anaconda.org/conda-forge/noarch/font-ttf-ubuntu-0.83-hab24e00_0.tar.bz2
https://conda.anaconda.org/conda-forge/linux-64/gshhg-gmt-2.3.7-ha770c72_1003.tar.bz2
https://conda.anaconda.org/conda-forge/linux-64/ld_impl_linux-64-2.36.1-hea4e1c9_2.tar.bz2
https://conda.anaconda.org/conda-forge/linux-64/libgfortran5-11.2.0-h5c6108e_11.tar.bz2
https://conda.anaconda.org/conda-forge/linux-64/libstdcxx-ng-11.2.0-he4da1e4_11.tar.bz2
https://conda.anaconda.org/conda-forge/linux-64/mysql-common-8.0.27-ha770c72_1.tar.bz2
https://conda.anaconda.org/conda-forge/linux-64/pandoc-2.10.1-h516909a_0.tar.bz2
https://conda.anaconda.org/conda-forge/noarch/poppler-data-0.4.11-hd8ed1ab_0.tar.bz2
https://conda.anaconda.org/conda-forge/noarch/tzdata-2021e-he74cb21_0.tar.bz2
https://conda.anaconda.org/conda-forge/noarch/fonts-conda-forge-1-0.tar.bz2
https://conda.anaconda.org/conda-forge/linux-64/libgfortran-ng-11.2.0-h69a702a_11.tar.bz2
https://conda.anaconda.org/conda-forge/linux-64/libgomp-11.2.0-h1d223b6_11.tar.bz2
https://conda.anaconda.org/conda-forge/linux-64/_openmp_mutex-4.5-0_gnu.tar.bz2
https://conda.anaconda.org/conda-forge/noarch/fonts-conda-ecosystem-1-0.tar.bz2
https://conda.anaconda.org/conda-forge/linux-64/libgcc-ng-11.2.0-h1d223b6_11.tar.bz2
https://conda.anaconda.org/conda-forge/linux-64/alsa-lib-1.2.3-h516909a_0.tar.bz2
https://conda.anaconda.org/conda-forge/linux-64/aom-3.2.0-h9c3ff4c_2.tar.bz2
https://conda.anaconda.org/conda-forge/linux-64/bzip2-1.0.8-h7f98852_4.tar.bz2
https://conda.anaconda.org/conda-forge/linux-64/c-ares-1.18.1-h7f98852_0.tar.bz2
https://conda.anaconda.org/conda-forge/linux-64/chrpath-0.16-h7f98852_1002.tar.bz2
https://conda.anaconda.org/conda-forge/linux-64/expat-2.4.1-h9c3ff4c_0.tar.bz2
https://conda.anaconda.org/conda-forge/linux-64/fftw-3.3.10-nompi_hcdd671c_101.tar.bz2
https://conda.anaconda.org/conda-forge/linux-64/freexl-1.0.6-h7f98852_0.tar.bz2
https://conda.anaconda.org/conda-forge/linux-64/fribidi-1.0.10-h516909a_0.tar.bz2
https://conda.anaconda.org/conda-forge/linux-64/geos-3.10.0-h9c3ff4c_0.tar.bz2
https://conda.anaconda.org/conda-forge/linux-64/ghostscript-9.54.0-h9c3ff4c_1.tar.bz2
https://conda.anaconda.org/conda-forge/linux-64/giflib-5.2.1-h516909a_2.tar.bz2
https://conda.anaconda.org/conda-forge/linux-64/gmp-6.2.1-h58526e2_0.tar.bz2
https://conda.anaconda.org/conda-forge/linux-64/graphite2-1.3.13-he1b5a44_1001.tar.bz2
https://conda.anaconda.org/conda-forge/linux-64/icu-68.2-h9c3ff4c_0.tar.bz2
https://conda.anaconda.org/conda-forge/linux-64/jbig-2.1-h7f98852_2003.tar.bz2
https://conda.anaconda.org/conda-forge/linux-64/jpeg-9d-h516909a_0.tar.bz2
https://conda.anaconda.org/conda-forge/linux-64/json-c-0.15-h98cffda_0.tar.bz2
https://conda.anaconda.org/conda-forge/linux-64/lame-3.100-h14c3975_1001.tar.bz2
https://conda.anaconda.org/conda-forge/linux-64/lerc-3.0-h9c3ff4c_0.tar.bz2
https://conda.anaconda.org/conda-forge/linux-64/libdeflate-1.8-h7f98852_0.tar.bz2
https://conda.anaconda.org/conda-forge/linux-64/libev-4.33-h516909a_1.tar.bz2
https://conda.anaconda.org/conda-forge/linux-64/libffi-3.4.2-h7f98852_5.tar.bz2
https://conda.anaconda.org/conda-forge/linux-64/libiconv-1.16-h516909a_0.tar.bz2
https://conda.anaconda.org/conda-forge/linux-64/libnsl-2.0.0-h7f98852_0.tar.bz2
https://conda.anaconda.org/conda-forge/linux-64/libogg-1.3.4-h7f98852_1.tar.bz2
https://conda.anaconda.org/conda-forge/linux-64/libopenblas-0.3.18-pthreads_h8fe5266_0.tar.bz2
https://conda.anaconda.org/conda-forge/linux-64/libopus-1.3.1-h7f98852_1.tar.bz2
https://conda.anaconda.org/conda-forge/linux-64/libpciaccess-0.16-h516909a_0.tar.bz2
https://conda.anaconda.org/conda-forge/linux-64/libsodium-1.0.18-h516909a_1.tar.bz2
https://conda.anaconda.org/conda-forge/linux-64/libuuid-2.32.1-h14c3975_1000.tar.bz2
https://conda.anaconda.org/conda-forge/linux-64/libvpx-1.11.0-h9c3ff4c_3.tar.bz2
https://conda.anaconda.org/conda-forge/linux-64/libwebp-base-1.2.1-h7f98852_0.tar.bz2
https://conda.anaconda.org/conda-forge/linux-64/libzlib-1.2.11-h36c2ea0_1013.tar.bz2
https://conda.anaconda.org/conda-forge/linux-64/lz4-c-1.9.3-h9c3ff4c_1.tar.bz2
https://conda.anaconda.org/conda-forge/linux-64/ncurses-6.2-he1b5a44_1.tar.bz2
https://conda.anaconda.org/conda-forge/linux-64/nettle-3.6-he412f7d_0.tar.bz2
https://conda.anaconda.org/conda-forge/linux-64/nspr-4.32-h9c3ff4c_1.tar.bz2
https://conda.anaconda.org/conda-forge/linux-64/openssl-1.1.1l-h7f98852_0.tar.bz2
https://conda.anaconda.org/conda-forge/linux-64/pcre-8.45-h9c3ff4c_0.tar.bz2
https://conda.anaconda.org/conda-forge/linux-64/pixman-0.40.0-h36c2ea0_0.tar.bz2
https://conda.anaconda.org/conda-forge/linux-64/pthread-stubs-0.4-h36c2ea0_1001.tar.bz2
https://conda.anaconda.org/conda-forge/linux-64/svt-av1-0.8.7-h9c3ff4c_1.tar.bz2
https://conda.anaconda.org/conda-forge/linux-64/tzcode-2021e-h7f98852_0.tar.bz2
https://conda.anaconda.org/conda-forge/linux-64/x264-1!161.3030-h7f98852_1.tar.bz2
https://conda.anaconda.org/conda-forge/linux-64/x265-3.5-h4bd325d_1.tar.bz2
https://conda.anaconda.org/conda-forge/linux-64/xorg-kbproto-1.0.7-h14c3975_1002.tar.bz2
https://conda.anaconda.org/conda-forge/linux-64/xorg-libice-1.0.10-h516909a_0.tar.bz2
https://conda.anaconda.org/conda-forge/linux-64/xorg-libxau-1.0.9-h14c3975_0.tar.bz2
https://conda.anaconda.org/conda-forge/linux-64/xorg-libxdmcp-1.1.3-h516909a_0.tar.bz2
https://conda.anaconda.org/conda-forge/linux-64/xorg-renderproto-0.11.1-h14c3975_1002.tar.bz2
https://conda.anaconda.org/conda-forge/linux-64/xorg-xextproto-7.3.0-h14c3975_1002.tar.bz2
https://conda.anaconda.org/conda-forge/linux-64/xorg-xproto-7.0.31-h14c3975_1007.tar.bz2
https://conda.anaconda.org/conda-forge/linux-64/xz-5.2.5-h516909a_1.tar.bz2
https://conda.anaconda.org/conda-forge/linux-64/yaml-0.2.5-h516909a_0.tar.bz2
https://conda.anaconda.org/conda-forge/linux-64/gettext-0.19.8.1-h73d1719_1008.tar.bz2
https://conda.anaconda.org/conda-forge/linux-64/gnutls-3.6.13-h85f3911_1.tar.bz2
https://conda.anaconda.org/conda-forge/linux-64/libblas-3.9.0-12_linux64_openblas.tar.bz2
https://conda.anaconda.org/conda-forge/linux-64/libdrm-2.4.108-h7f98852_0.tar.bz2
https://conda.anaconda.org/conda-forge/linux-64/libedit-3.1.20191231-h46ee950_1.tar.bz2
https://conda.anaconda.org/conda-forge/linux-64/libevent-2.1.10-h9b69904_4.tar.bz2
https://conda.anaconda.org/conda-forge/linux-64/librttopo-1.1.0-h0ad649c_7.tar.bz2
https://conda.anaconda.org/conda-forge/linux-64/libvorbis-1.3.7-he1b5a44_0.tar.bz2
https://conda.anaconda.org/conda-forge/linux-64/libxcb-1.13-h7f98852_1004.tar.bz2
https://conda.anaconda.org/conda-forge/linux-64/readline-8.1-h46c0cb4_0.tar.bz2
https://conda.anaconda.org/conda-forge/linux-64/xerces-c-3.2.3-h9d8b166_3.tar.bz2
https://conda.anaconda.org/conda-forge/linux-64/xorg-libsm-1.2.3-hd9c2040_1000.tar.bz2
https://conda.anaconda.org/conda-forge/linux-64/zeromq-4.3.4-h9c3ff4c_1.tar.bz2
https://conda.anaconda.org/conda-forge/linux-64/zlib-1.2.11-h36c2ea0_1013.tar.bz2
https://conda.anaconda.org/conda-forge/linux-64/hdf4-4.2.15-h10796ff_3.tar.bz2
https://conda.anaconda.org/conda-forge/linux-64/libcblas-3.9.0-12_linux64_openblas.tar.bz2
https://conda.anaconda.org/conda-forge/linux-64/libglib-2.70.1-h174f98d_0.tar.bz2
https://conda.anaconda.org/conda-forge/linux-64/liblapack-3.9.0-12_linux64_openblas.tar.bz2
https://conda.anaconda.org/conda-forge/linux-64/libllvm11-11.1.0-hf817b99_2.tar.bz2
https://conda.anaconda.org/conda-forge/linux-64/libnghttp2-1.43.0-h812cca2_1.tar.bz2
https://conda.anaconda.org/conda-forge/linux-64/libpng-1.6.37-hed695b0_2.tar.bz2
https://conda.anaconda.org/conda-forge/linux-64/libssh2-1.10.0-ha56f1ee_2.tar.bz2
https://conda.anaconda.org/conda-forge/linux-64/libxml2-2.9.12-h72842e0_0.tar.bz2
https://conda.anaconda.org/conda-forge/linux-64/libzip-1.8.0-h4de3113_1.tar.bz2
https://conda.anaconda.org/conda-forge/linux-64/mesalib-18.3.1-h590aaf7_0.tar.bz2
https://conda.anaconda.org/conda-forge/linux-64/openh264-2.1.1-h780b84a_0.tar.bz2
https://conda.anaconda.org/conda-forge/linux-64/sqlite-3.36.0-h9cd32fc_2.tar.bz2
https://conda.anaconda.org/conda-forge/linux-64/tk-8.6.11-h27826a3_1.tar.bz2
https://conda.anaconda.org/conda-forge/linux-64/xorg-libx11-1.7.2-h7f98852_0.tar.bz2
https://conda.anaconda.org/conda-forge/linux-64/zstd-1.5.0-ha95c52a_0.tar.bz2
https://conda.anaconda.org/conda-forge/linux-64/atk-1.0-2.36.0-h3371d22_4.tar.bz2
https://conda.anaconda.org/conda-forge/linux-64/boost-cpp-1.74.0-h312852a_4.tar.bz2
https://conda.anaconda.org/conda-forge/linux-64/freetype-2.10.4-h0708190_1.tar.bz2
https://conda.anaconda.org/conda-forge/linux-64/glib-tools-2.70.1-h780b84a_0.tar.bz2
https://conda.anaconda.org/conda-forge/linux-64/gstreamer-1.18.5-h9f60fe5_2.tar.bz2
https://conda.anaconda.org/conda-forge/linux-64/krb5-1.19.2-hcc1bbae_3.tar.bz2
https://conda.anaconda.org/conda-forge/linux-64/libclang-11.1.0-default_ha53f305_1.tar.bz2
https://conda.anaconda.org/conda-forge/linux-64/libtiff-4.3.0-h6f004c6_2.tar.bz2
https://conda.anaconda.org/conda-forge/linux-64/libva-2.13.0-h7f98852_0.tar.bz2
https://conda.anaconda.org/conda-forge/linux-64/libxkbcommon-1.0.3-he3ba5ed_0.tar.bz2
https://conda.anaconda.org/conda-forge/linux-64/mysql-libs-8.0.27-hfa10184_1.tar.bz2
https://conda.anaconda.org/conda-forge/linux-64/nss-3.72-hb5efdd6_0.tar.bz2
https://conda.anaconda.org/conda-forge/linux-64/python-3.9.7-hb7a2778_3_cpython.tar.bz2
https://conda.anaconda.org/conda-forge/linux-64/tiledb-2.3.4-he87e0bf_0.tar.bz2
https://conda.anaconda.org/conda-forge/linux-64/xorg-libxext-1.3.4-h7f98852_1.tar.bz2
https://conda.anaconda.org/conda-forge/linux-64/xorg-libxrender-0.9.10-h7f98852_1003.tar.bz2
https://conda.anaconda.org/conda-forge/linux-64/xorg-libxt-1.2.1-h7f98852_2.tar.bz2
https://conda.anaconda.org/conda-forge/noarch/affine-2.3.0-py_0.tar.bz2
https://conda.anaconda.org/conda-forge/noarch/async_generator-1.10-py_0.tar.bz2
https://conda.anaconda.org/conda-forge/noarch/attrs-19.3.0-py_0.tar.bz2
https://conda.anaconda.org/conda-forge/noarch/backcall-0.2.0-pyh9f0ad1d_0.tar.bz2
https://conda.anaconda.org/conda-forge/noarch/blinker-1.4-py_1.tar.bz2
https://conda.anaconda.org/conda-forge/noarch/charset-normalizer-2.0.0-pyhd8ed1ab_0.tar.bz2
https://conda.anaconda.org/conda-forge/noarch/decorator-4.4.2-py_0.tar.bz2
https://conda.anaconda.org/conda-forge/noarch/defusedxml-0.6.0-py_0.tar.bz2
https://conda.anaconda.org/conda-forge/linux-64/ffmpeg-4.4.1-h6987444_0.tar.bz2
https://conda.anaconda.org/conda-forge/linux-64/fontconfig-2.13.1-hba837de_1005.tar.bz2
https://conda.anaconda.org/conda-forge/linux-64/gdk-pixbuf-2.42.6-h04a7f16_0.tar.bz2
https://conda.anaconda.org/conda-forge/linux-64/glib-2.70.1-h780b84a_0.tar.bz2
https://conda.anaconda.org/conda-forge/linux-64/gst-plugins-base-1.18.5-hf529b03_2.tar.bz2
https://conda.anaconda.org/conda-forge/noarch/idna-2.10-pyh9f0ad1d_0.tar.bz2
https://conda.anaconda.org/conda-forge/noarch/ipython_genutils-0.2.0-py_1.tar.bz2
https://conda.anaconda.org/conda-forge/noarch/json5-0.9.4-pyh9f0ad1d_0.tar.bz2
https://conda.anaconda.org/conda-forge/noarch/jupyterlab_widgets-1.0.2-pyhd8ed1ab_0.tar.bz2
https://conda.anaconda.org/conda-forge/linux-64/lcms2-2.12-hddcbb42_0.tar.bz2
https://conda.anaconda.org/conda-forge/linux-64/libcurl-7.80.0-h2574ce0_0.tar.bz2
https://conda.anaconda.org/conda-forge/linux-64/libkml-1.3.0-h238a007_1014.tar.bz2
https://conda.anaconda.org/conda-forge/linux-64/libpq-13.3-hd57d9b9_3.tar.bz2
https://conda.anaconda.org/conda-forge/linux-64/libwebp-1.2.1-h3452ae3_0.tar.bz2
https://conda.anaconda.org/conda-forge/noarch/nest-asyncio-1.5.1-pyhd8ed1ab_0.tar.bz2
https://conda.anaconda.org/conda-forge/linux-64/openjpeg-2.4.0-hb52868f_1.tar.bz2
https://conda.anaconda.org/conda-forge/noarch/pamela-1.0.0-py_0.tar.bz2
https://conda.anaconda.org/conda-forge/noarch/pandocfilters-1.4.2-py_1.tar.bz2
https://conda.anaconda.org/conda-forge/noarch/parso-0.8.2-pyhd8ed1ab_0.tar.bz2
https://conda.anaconda.org/conda-forge/noarch/prometheus_client-0.8.0-pyh9f0ad1d_0.tar.bz2
https://conda.anaconda.org/conda-forge/noarch/ptyprocess-0.6.0-py_1001.tar.bz2
https://conda.anaconda.org/conda-forge/noarch/pycparser-2.20-pyh9f0ad1d_2.tar.bz2
https://conda.anaconda.org/conda-forge/noarch/pyparsing-2.4.7-pyh9f0ad1d_0.tar.bz2
https://conda.anaconda.org/conda-forge/noarch/python-editor-1.0.4-py_0.tar.bz2
https://conda.anaconda.org/conda-forge/noarch/python-json-logger-0.1.11-py_0.tar.bz2
https://conda.anaconda.org/conda-forge/linux-64/python_abi-3.9-2_cp39.tar.bz2
https://conda.anaconda.org/conda-forge/noarch/pytz-2021.3-pyhd8ed1ab_0.tar.bz2
https://conda.anaconda.org/conda-forge/noarch/send2trash-1.5.0-py_0.tar.bz2
https://conda.anaconda.org/conda-forge/noarch/six-1.15.0-pyh9f0ad1d_0.tar.bz2
https://conda.anaconda.org/conda-forge/noarch/testpath-0.4.4-py_0.tar.bz2
https://conda.anaconda.org/conda-forge/noarch/toml-0.10.2-pyhd8ed1ab_0.tar.bz2
https://conda.anaconda.org/conda-forge/noarch/traitlets-5.1.1-pyhd8ed1ab_0.tar.bz2
https://conda.anaconda.org/conda-forge/noarch/wcwidth-0.2.5-pyh9f0ad1d_0.tar.bz2
https://conda.anaconda.org/conda-forge/noarch/webencodings-0.5.1-py_1.tar.bz2
https://conda.anaconda.org/conda-forge/noarch/zipp-3.1.0-py_0.tar.bz2
https://conda.anaconda.org/conda-forge/noarch/babel-2.9.1-pyh44b312d_0.tar.bz2
https://conda.anaconda.org/conda-forge/linux-64/cairo-1.16.0-h6cf1ce9_1008.tar.bz2
https://conda.anaconda.org/conda-forge/linux-64/certifi-2021.10.8-py39hf3d152e_1.tar.bz2
https://conda.anaconda.org/conda-forge/linux-64/cffi-1.15.0-py39h4bc2ebd_0.tar.bz2
https://conda.anaconda.org/conda-forge/linux-64/cfitsio-4.0.0-h9a35b8e_0.tar.bz2
https://conda.anaconda.org/conda-forge/linux-64/chardet-4.0.0-py39hf3d152e_2.tar.bz2
https://conda.anaconda.org/conda-forge/linux-64/click-8.0.3-py39hf3d152e_1.tar.bz2
https://conda.anaconda.org/conda-forge/linux-64/curl-7.80.0-h2574ce0_0.tar.bz2
https://conda.anaconda.org/conda-forge/linux-64/dbus-1.13.6-h48d8840_2.tar.bz2
https://conda.anaconda.org/conda-forge/linux-64/debugpy-1.5.1-py39he80948d_0.tar.bz2
https://conda.anaconda.org/conda-forge/linux-64/entrypoints-0.3-py39hde42818_1002.tar.bz2
https://conda.anaconda.org/conda-forge/linux-64/greenlet-1.1.2-py39he80948d_1.tar.bz2
https://conda.anaconda.org/conda-forge/linux-64/hdf5-1.12.1-nompi_h2750804_101.tar.bz2
https://conda.anaconda.org/conda-forge/linux-64/importlib-metadata-4.8.2-py39hf3d152e_0.tar.bz2
https://conda.anaconda.org/conda-forge/noarch/importlib_resources-5.4.0-pyhd8ed1ab_0.tar.bz2
https://conda.anaconda.org/conda-forge/linux-64/jedi-0.18.0-py39hf3d152e_3.tar.bz2
https://conda.anaconda.org/conda-forge/linux-64/jupyter_core-4.9.1-py39hf3d152e_1.tar.bz2
https://conda.anaconda.org/conda-forge/linux-64/libgd-2.3.3-h6ad9fb6_0.tar.bz2
https://conda.anaconda.org/conda-forge/linux-64/markupsafe-2.0.1-py39h3811e60_1.tar.bz2
https://conda.anaconda.org/conda-forge/noarch/matplotlib-inline-0.1.3-pyhd8ed1ab_0.tar.bz2
https://conda.anaconda.org/conda-forge/linux-64/mistune-0.8.4-py39h3811e60_1005.tar.bz2
https://conda.anaconda.org/conda-forge/linux-64/numpy-1.21.4-py39hdbf815f_0.tar.bz2
https://conda.anaconda.org/conda-forge/noarch/packaging-20.4-pyh9f0ad1d_0.tar.bz2
https://conda.anaconda.org/conda-forge/noarch/pexpect-4.8.0-pyh9f0ad1d_2.tar.bz2
https://conda.anaconda.org/conda-forge/linux-64/pickleshare-0.7.5-py39hde42818_1002.tar.bz2
https://conda.anaconda.org/conda-forge/linux-64/postgresql-13.3-h2510834_3.tar.bz2
https://conda.anaconda.org/conda-forge/linux-64/proj-8.1.1-h277dcde_2.tar.bz2
https://conda.anaconda.org/conda-forge/linux-64/psutil-5.8.0-py39h3811e60_2.tar.bz2
https://conda.anaconda.org/conda-forge/linux-64/pycurl-7.44.1-py39h72e3413_1.tar.bz2
https://conda.anaconda.org/conda-forge/linux-64/pyrsistent-0.18.0-py39h3811e60_0.tar.bz2
https://conda.anaconda.org/conda-forge/linux-64/pysocks-1.7.1-py39hf3d152e_4.tar.bz2
https://conda.anaconda.org/conda-forge/noarch/python-dateutil-2.8.1-py_0.tar.bz2
https://conda.anaconda.org/conda-forge/linux-64/pyyaml-6.0-py39h3811e60_3.tar.bz2
https://conda.anaconda.org/conda-forge/linux-64/pyzmq-22.3.0-py39h37b5a0c_1.tar.bz2
https://conda.anaconda.org/conda-forge/linux-64/ruamel.yaml.clib-0.2.6-py39h3811e60_0.tar.bz2
https://conda.anaconda.org/conda-forge/linux-64/setuptools-59.1.1-py39hf3d152e_0.tar.bz2
https://conda.anaconda.org/conda-forge/linux-64/sniffio-1.2.0-py39hf3d152e_2.tar.bz2
https://conda.anaconda.org/conda-forge/linux-64/tornado-6.1-py39h3811e60_2.tar.bz2
https://conda.anaconda.org/conda-forge/linux-64/websocket-client-1.2.1-py39hf3d152e_0.tar.bz2
https://conda.anaconda.org/conda-forge/linux-64/anyio-3.3.4-py39hf3d152e_1.tar.bz2
https://conda.anaconda.org/conda-forge/linux-64/argon2-cffi-21.1.0-py39h3811e60_2.tar.bz2
https://conda.anaconda.org/conda-forge/noarch/bleach-3.1.5-pyh9f0ad1d_0.tar.bz2
https://conda.anaconda.org/conda-forge/linux-64/brotlipy-0.7.0-py39h3811e60_1003.tar.bz2
https://conda.anaconda.org/conda-forge/linux-64/cftime-1.5.1.1-py39hce5d2b2_1.tar.bz2
https://conda.anaconda.org/conda-forge/noarch/click-plugins-1.1.1-py_0.tar.bz2
https://conda.anaconda.org/conda-forge/noarch/cligj-0.7.2-pyhd8ed1ab_1.tar.bz2
https://conda.anaconda.org/conda-forge/linux-64/cryptography-35.0.0-py39h95dcef6_2.tar.bz2
https://conda.anaconda.org/conda-forge/linux-64/geotiff-1.7.0-hcfb7246_3.tar.bz2
https://conda.anaconda.org/conda-forge/linux-64/harfbuzz-3.1.1-h83ec7ef_0.tar.bz2
https://conda.anaconda.org/conda-forge/noarch/importlib_metadata-4.8.2-hd8ed1ab_0.tar.bz2
https://conda.anaconda.org/conda-forge/noarch/jinja2-2.11.2-pyh9f0ad1d_0.tar.bz2
https://conda.anaconda.org/conda-forge/noarch/jsonschema-4.2.1-pyhd8ed1ab_0.tar.bz2
https://conda.anaconda.org/conda-forge/noarch/jupyter_client-6.1.6-py_0.tar.bz2
https://conda.anaconda.org/conda-forge/linux-64/kealib-1.4.14-h87e4c3c_3.tar.bz2
https://conda.anaconda.org/conda-forge/linux-64/libdap4-3.20.6-hd7c4107_2.tar.bz2
https://conda.anaconda.org/conda-forge/linux-64/libnetcdf-4.8.1-nompi_hb3fd0d9_101.tar.bz2
https://conda.anaconda.org/conda-forge/linux-64/libspatialite-5.0.1-h1d9e4f1_10.tar.bz2
https://conda.anaconda.org/conda-forge/noarch/mako-1.1.0-py_0.tar.bz2
https://conda.anaconda.org/conda-forge/linux-64/pandas-1.3.4-py39hde0f152_1.tar.bz2
https://conda.anaconda.org/conda-forge/linux-64/poppler-21.09.0-ha39eefc_3.tar.bz2
https://conda.anaconda.org/conda-forge/noarch/pygments-2.6.1-py_0.tar.bz2
https://conda.anaconda.org/conda-forge/linux-64/pyproj-3.2.1-py39ha81a305_2.tar.bz2
https://conda.anaconda.org/conda-forge/linux-64/qt-5.12.9-hda022c4_4.tar.bz2
https://conda.anaconda.org/conda-forge/linux-64/ruamel.yaml-0.17.17-py39h3811e60_1.tar.bz2
https://conda.anaconda.org/conda-forge/linux-64/scipy-1.7.2-py39hee8e79c_0.tar.bz2
https://conda.anaconda.org/conda-forge/noarch/snuggs-1.4.7-py_0.tar.bz2
https://conda.anaconda.org/conda-forge/linux-64/sqlalchemy-1.4.27-py39h3811e60_0.tar.bz2
https://conda.anaconda.org/conda-forge/linux-64/terminado-0.12.1-py39hf3d152e_1.tar.bz2
https://conda.anaconda.org/conda-forge/noarch/wheel-0.34.2-py_1.tar.bz2
https://conda.anaconda.org/conda-forge/noarch/alembic-1.4.2-pyh9f0ad1d_0.tar.bz2
https://conda.anaconda.org/conda-forge/noarch/jupyter_telemetry-0.0.5-py_0.tar.bz2
https://conda.anaconda.org/conda-forge/noarch/jupyterlab_pygments-0.1.2-pyh9f0ad1d_0.tar.bz2
https://conda.anaconda.org/conda-forge/linux-64/libgdal-3.3.3-h18e3bf0_2.tar.bz2
https://conda.anaconda.org/conda-forge/noarch/nbformat-5.0.7-py_0.tar.bz2
https://conda.anaconda.org/conda-forge/linux-64/netcdf4-1.5.8-nompi_py39h64b754b_101.tar.bz2
https://conda.anaconda.org/conda-forge/linux-64/pango-1.48.10-h54213e6_2.tar.bz2
https://conda.anaconda.org/conda-forge/noarch/pip-20.1.1-py_1.tar.bz2
https://conda.anaconda.org/conda-forge/noarch/prompt-toolkit-3.0.5-py_1.tar.bz2
https://conda.anaconda.org/conda-forge/noarch/pyjwt-1.7.1-py_0.tar.bz2
https://conda.anaconda.org/conda-forge/noarch/pyopenssl-19.1.0-py_1.tar.bz2
https://conda.anaconda.org/conda-forge/noarch/xarray-0.19.0-pyhd8ed1ab_1.tar.bz2
https://conda.anaconda.org/conda-forge/noarch/certipy-0.1.3-py_0.tar.bz2
https://conda.anaconda.org/conda-forge/linux-64/gdal-3.3.3-py39h0494519_2.tar.bz2
https://conda.anaconda.org/conda-forge/linux-64/gtk2-2.24.33-h539f30e_1.tar.bz2
https://conda.anaconda.org/conda-forge/linux-64/ipython-7.29.0-py39hef51801_2.tar.bz2
https://conda.anaconda.org/conda-forge/noarch/nbclient-0.5.8-pyhd8ed1ab_0.tar.bz2
https://conda.anaconda.org/conda-forge/noarch/oauthlib-3.0.1-py_0.tar.bz2
https://conda.anaconda.org/conda-forge/linux-64/rasterio-1.2.10-py39hb37810a_0.tar.bz2
https://conda.anaconda.org/conda-forge/noarch/urllib3-1.25.10-py_0.tar.bz2
https://conda.anaconda.org/conda-forge/linux-64/gnuplot-5.4.1-hedd7fda_3.tar.bz2
https://conda.anaconda.org/conda-forge/linux-64/ipykernel-6.5.0-py39hef51801_1.tar.bz2
https://conda.anaconda.org/conda-forge/linux-64/nbconvert-6.3.0-py39hf3d152e_1.tar.bz2
https://conda.anaconda.org/conda-forge/noarch/requests-2.26.0-pyhd8ed1ab_0.tar.bz2
https://conda.anaconda.org/conda-forge/noarch/rioxarray-0.8.0-pyhd8ed1ab_0.tar.bz2
https://conda.anaconda.org/conda-forge/linux-64/graphicsmagick-1.3.36-hdc87540_2.tar.bz2
https://conda.anaconda.org/conda-forge/noarch/jupyter_server-1.11.2-pyhd8ed1ab_0.tar.bz2
https://conda.anaconda.org/conda-forge/linux-64/jupyterhub-base-1.2.1-py39hf3d152e_0.tar.bz2
https://conda.anaconda.org/conda-forge/noarch/notebook-6.4.5-pyha770c72_0.tar.bz2
https://conda.anaconda.org/conda-forge/linux-64/gmt-6.2.0-hcfc2acf_4.tar.bz2
https://conda.anaconda.org/conda-forge/linux-64/jupyterhub-singleuser-1.2.1-py39hf3d152e_0.tar.bz2
https://conda.anaconda.org/conda-forge/noarch/jupyterlab_server-2.8.2-pyhd8ed1ab_0.tar.bz2
https://conda.anaconda.org/conda-forge/noarch/nbclassic-0.3.4-pyhd8ed1ab_0.tar.bz2
https://conda.anaconda.org/conda-forge/noarch/nbresuse-0.3.3-py_0.tar.bz2
https://conda.anaconda.org/conda-forge/noarch/nteract_on_jupyter-2.1.3-py_0.tar.bz2
https://conda.anaconda.org/conda-forge/linux-64/widgetsnbextension-3.5.2-py39hf3d152e_0.tar.bz2
https://conda.anaconda.org/conda-forge/noarch/ipywidgets-7.6.5-pyhd8ed1ab_0.tar.bz2
https://conda.anaconda.org/conda-forge/noarch/jupyterlab-3.2.2-pyhd8ed1ab_0.tar.bz2
https://conda.anaconda.org/conda-forge/noarch/pygmt-0.5.0-pyhd8ed1ab_1.tar.bz2
https://conda.anaconda.org/conda-forge/noarch/jupytext-1.9.1-pyhd3deb0d_1.tar.bz2
https://conda.anaconda.org/conda-forge/noarch/markdown-it-py-0.6.2-pyhd8ed1ab_0.tar.bz2
https://conda.anaconda.org/conda-forge/noarch/mdit-py-plugins-0.2.6-pyhd8ed1ab_0.tar.bz2
